
Microsoft Visual Studio Solution File, Format Version 12.00
# Visual Studio 15
VisualStudioVersion = 15.0.28307.1500
MinimumVisualStudioVersion = 10.0.40219.1
Project("{8BC9CEB8-8B4A-11D0-8D11-00A0C91BC942}") = "Beetles-algorithm", "Beetles-algorithm\Beetles-algorithm.vcxproj", "{9BB47FF6-CB20-481E-849E-260FDE02A162}"
EndProject
Global
	GlobalSection(SolutionConfigurationPlatforms) = preSolution
		Debug|x64 = Debug|x64
		Debug|x86 = Debug|x86
		Release|x64 = Release|x64
		Release|x86 = Release|x86
	EndGlobalSection
	GlobalSection(ProjectConfigurationPlatforms) = postSolution
		{9BB47FF6-CB20-481E-849E-260FDE02A162}.Debug|x64.ActiveCfg = Debug|x64
		{9BB47FF6-CB20-481E-849E-260FDE02A162}.Debug|x64.Build.0 = Debug|x64
		{9BB47FF6-CB20-481E-849E-260FDE02A162}.Debug|x86.ActiveCfg = Debug|Win32
		{9BB47FF6-CB20-481E-849E-260FDE02A162}.Debug|x86.Build.0 = Debug|Win32
		{9BB47FF6-CB20-481E-849E-260FDE02A162}.Release|x64.ActiveCfg = Release|x64
		{9BB47FF6-CB20-481E-849E-260FDE02A162}.Release|x64.Build.0 = Release|x64
		{9BB47FF6-CB20-481E-849E-260FDE02A162}.Release|x86.ActiveCfg = Release|Win32
		{9BB47FF6-CB20-481E-849E-260FDE02A162}.Release|x86.Build.0 = Release|Win32
	EndGlobalSection
	GlobalSection(SolutionProperties) = preSolution
		HideSolutionNode = FALSE
	EndGlobalSection
	GlobalSection(ExtensibilityGlobals) = postSolution
		SolutionGuid = {D0201AC5-803D-4DAE-8C84-ADDD2112E2BA}
	EndGlobalSection
EndGlobal
